
Microsoft Visual Studio Solution File, Format Version 12.00
# Visual Studio Version 16
VisualStudioVersion = 16.0.30804.86
MinimumVisualStudioVersion = 10.0.40219.1
Project("{FAE04EC0-301F-11D3-BF4B-00C04F79EFBC}") = "Lekkerbek.Web", "Lekkerbek.Web\Lekkerbek.Web.csproj", "{0FBB00E0-71C1-4FDA-A4E1-66D7FEA6C4FB}"
EndProject
Global
	GlobalSection(SolutionConfigurationPlatforms) = preSolution
		Debug|Any CPU = Debug|Any CPU
		Release|Any CPU = Release|Any CPU
	EndGlobalSection
	GlobalSection(ProjectConfigurationPlatforms) = postSolution
		{0FBB00E0-71C1-4FDA-A4E1-66D7FEA6C4FB}.Debug|Any CPU.ActiveCfg = Debug|Any CPU
		{0FBB00E0-71C1-4FDA-A4E1-66D7FEA6C4FB}.Debug|Any CPU.Build.0 = Debug|Any CPU
		{0FBB00E0-71C1-4FDA-A4E1-66D7FEA6C4FB}.Release|Any CPU.ActiveCfg = Release|Any CPU
		{0FBB00E0-71C1-4FDA-A4E1-66D7FEA6C4FB}.Release|Any CPU.Build.0 = Release|Any CPU
	EndGlobalSection
	GlobalSection(SolutionProperties) = preSolution
		HideSolutionNode = FALSE
	EndGlobalSection
	GlobalSection(ExtensibilityGlobals) = postSolution
		SolutionGuid = {2C0329F1-C88D-4B49-BC69-3BDC4AC81B50}
	EndGlobalSection
EndGlobal
